Microsoft Visual Studio Solution File, Format Version 12.00
# Visual Studio 2012
Project("{FAE04EC0-301F-11D3-BF4B-00C04F79EFBC}") = "WATSharp", "WATSharp.csproj", "{6E91E29A-BAAC-434E-85EE-9B615C4DDC9D}"
EndProject
Global
	GlobalSection(SolutionConfigurationPlatforms) = preSolution
	Debug|Any CPU = Debug|Any CPU
	Release|Any CPU = Release|Any CPU
	Tools|Any CPU = Tools|Any CPU
	EndGlobalSection
	GlobalSection(ProjectConfigurationPlatforms) = postSolution
		{6E91E29A-BAAC-434E-85EE-9B615C4DDC9D}.Debug|Any CPU.ActiveCfg = Debug|Any CPU
		{6E91E29A-BAAC-434E-85EE-9B615C4DDC9D}.Debug|Any CPU.Build.0 = Debug|Any CPU
		{6E91E29A-BAAC-434E-85EE-9B615C4DDC9D}.Release|Any CPU.ActiveCfg = Release|Any CPU
		{6E91E29A-BAAC-434E-85EE-9B615C4DDC9D}.Release|Any CPU.Build.0 = Release|Any CPU
		{6E91E29A-BAAC-434E-85EE-9B615C4DDC9D}.Tools|Any CPU.ActiveCfg = Tools|Any CPU
		{6E91E29A-BAAC-434E-85EE-9B615C4DDC9D}.Tools|Any CPU.Build.0 = Tools|Any CPU
	EndGlobalSection
EndGlobal
